
Microsoft Visual Studio Solution File, Format Version 12.00
# Visual Studio Version 17
VisualStudioVersion = 17.10.35201.131
MinimumVisualStudioVersion = 10.0.40219.1
Project("{2150E333-8FDC-42A3-9474-1A3956D46DE8}") = "Common", "Common", "{539EB501-259B-42A4-A1BE-B11796EF0035}"
EndProject
Project("{2150E333-8FDC-42A3-9474-1A3956D46DE8}") = "Services", "Services", "{46A93DBF-36C3-494B-A993-7EBA5824DBCA}"
EndProject
Project("{2150E333-8FDC-42A3-9474-1A3956D46DE8}") = "IDPService", "IDPService", "{8935D93A-8354-4731-9364-51598C8A4D69}"
EndProject
Project("{2150E333-8FDC-42A3-9474-1A3956D46DE8}") = "CatalogService", "CatalogService", "{295B0212-4585-439B-A587-B3EF0D76AC78}"
EndProject
Project("{2150E333-8FDC-42A3-9474-1A3956D46DE8}") = "SearchService", "SearchService", "{8D6A2DE4-525F-4E91-8AD1-404CBF2C5E60}"
EndProject
Project("{2150E333-8FDC-42A3-9474-1A3956D46DE8}") = "BasketService", "BasketService", "{E53556A8-0AC8-4B42-8FE0-D80B27092515}"
EndProject
Project("{2150E333-8FDC-42A3-9474-1A3956D46DE8}") = "OrderService", "OrderService", "{7059DF60-A11E-47CA-BB09-ED4142D759D9}"
EndProject
Project("{2150E333-8FDC-42A3-9474-1A3956D46DE8}") = "ReportService", "ReportService", "{96575B90-E550-4719-AABB-86723284DBDC}"
EndProject
Project("{9A19103F-16F7-4668-BE54-9A1E7A4F7556}") = "IDP.Application", "IDP.Application\IDP.Application.csproj", "{95A4C4F4-15F4-4FF3-8A93-6CAC4C7D5E36}"
EndProject
Project("{9A19103F-16F7-4668-BE54-9A1E7A4F7556}") = "IDP.Domain", "IDP.Domain\IDP.Domain.csproj", "{D6618827-02F7-4F06-9091-98756D7A701A}"
EndProject
Project("{9A19103F-16F7-4668-BE54-9A1E7A4F7556}") = "IDP.Infra", "IDP.Infra\IDP.Infra.csproj", "{8EEB205D-B509-4D2F-91A3-F989E310F6A3}"
EndProject
Project("{9A19103F-16F7-4668-BE54-9A1E7A4F7556}") = "IDP.IOC", "IDP.IOC\IDP.IOC.csproj", "{7A9CD393-5070-4E94-9042-306434211030}"
EndProject
Project("{9A19103F-16F7-4668-BE54-9A1E7A4F7556}") = "IDP.UnitTest", "IDP.UnitTest\IDP.UnitTest.csproj", "{CE19B699-5C3F-448F-AF7E-FC6F0159F72D}"
EndProject
Project("{9A19103F-16F7-4668-BE54-9A1E7A4F7556}") = "IDP.API", "IDP.API\IDP.API.csproj", "{749D768B-7CCF-47FB-A9AE-F58899FFC2A8}"
EndProject
Project("{2150E333-8FDC-42A3-9474-1A3956D46DE8}") = "Auth", "Auth", "{73F035D8-76B3-4D11-AF7A-C39B89686C27}"
EndProject
Project("{FAE04EC0-301F-11D3-BF4B-00C04F79EFBC}") = "Auth", "Auth\Auth.csproj", "{34D4BCE8-B036-47E7-B7D7-D4F6D29887D0}"
EndProject
Global
	GlobalSection(SolutionConfigurationPlatforms) = preSolution
		Debug|Any CPU = Debug|Any CPU
		Release|Any CPU = Release|Any CPU
	EndGlobalSection
	GlobalSection(ProjectConfigurationPlatforms) = postSolution
		{95A4C4F4-15F4-4FF3-8A93-6CAC4C7D5E36}.Debug|Any CPU.ActiveCfg = Debug|Any CPU
		{95A4C4F4-15F4-4FF3-8A93-6CAC4C7D5E36}.Debug|Any CPU.Build.0 = Debug|Any CPU
		{95A4C4F4-15F4-4FF3-8A93-6CAC4C7D5E36}.Release|Any CPU.ActiveCfg = Release|Any CPU
		{95A4C4F4-15F4-4FF3-8A93-6CAC4C7D5E36}.Release|Any CPU.Build.0 = Release|Any CPU
		{D6618827-02F7-4F06-9091-98756D7A701A}.Debug|Any CPU.ActiveCfg = Debug|Any CPU
		{D6618827-02F7-4F06-9091-98756D7A701A}.Debug|Any CPU.Build.0 = Debug|Any CPU
		{D6618827-02F7-4F06-9091-98756D7A701A}.Release|Any CPU.ActiveCfg = Release|Any CPU
		{D6618827-02F7-4F06-9091-98756D7A701A}.Release|Any CPU.Build.0 = Release|Any CPU
		{8EEB205D-B509-4D2F-91A3-F989E310F6A3}.Debug|Any CPU.ActiveCfg = Debug|Any CPU
		{8EEB205D-B509-4D2F-91A3-F989E310F6A3}.Debug|Any CPU.Build.0 = Debug|Any CPU
		{8EEB205D-B509-4D2F-91A3-F989E310F6A3}.Release|Any CPU.ActiveCfg = Release|Any CPU
		{8EEB205D-B509-4D2F-91A3-F989E310F6A3}.Release|Any CPU.Build.0 = Release|Any CPU
		{7A9CD393-5070-4E94-9042-306434211030}.Debug|Any CPU.ActiveCfg = Debug|Any CPU
		{7A9CD393-5070-4E94-9042-306434211030}.Debug|Any CPU.Build.0 = Debug|Any CPU
		{7A9CD393-5070-4E94-9042-306434211030}.Release|Any CPU.ActiveCfg = Release|Any CPU
		{7A9CD393-5070-4E94-9042-306434211030}.Release|Any CPU.Build.0 = Release|Any CPU
		{CE19B699-5C3F-448F-AF7E-FC6F0159F72D}.Debug|Any CPU.ActiveCfg = Debug|Any CPU
		{CE19B699-5C3F-448F-AF7E-FC6F0159F72D}.Debug|Any CPU.Build.0 = Debug|Any CPU
		{CE19B699-5C3F-448F-AF7E-FC6F0159F72D}.Release|Any CPU.ActiveCfg = Release|Any CPU
		{CE19B699-5C3F-448F-AF7E-FC6F0159F72D}.Release|Any CPU.Build.0 = Release|Any CPU
		{749D768B-7CCF-47FB-A9AE-F58899FFC2A8}.Debug|Any CPU.ActiveCfg = Debug|Any CPU
		{749D768B-7CCF-47FB-A9AE-F58899FFC2A8}.Debug|Any CPU.Build.0 = Debug|Any CPU
		{749D768B-7CCF-47FB-A9AE-F58899FFC2A8}.Release|Any CPU.ActiveCfg = Release|Any CPU
		{749D768B-7CCF-47FB-A9AE-F58899FFC2A8}.Release|Any CPU.Build.0 = Release|Any CPU
		{34D4BCE8-B036-47E7-B7D7-D4F6D29887D0}.Debug|Any CPU.ActiveCfg = Debug|Any CPU
		{34D4BCE8-B036-47E7-B7D7-D4F6D29887D0}.Debug|Any CPU.Build.0 = Debug|Any CPU
		{34D4BCE8-B036-47E7-B7D7-D4F6D29887D0}.Release|Any CPU.ActiveCfg = Release|Any CPU
		{34D4BCE8-B036-47E7-B7D7-D4F6D29887D0}.Release|Any CPU.Build.0 = Release|Any CPU
	EndGlobalSection
	GlobalSection(SolutionProperties) = preSolution
		HideSolutionNode = FALSE
	EndGlobalSection
	GlobalSection(NestedProjects) = preSolution
		{8935D93A-8354-4731-9364-51598C8A4D69} = {46A93DBF-36C3-494B-A993-7EBA5824DBCA}
		{295B0212-4585-439B-A587-B3EF0D76AC78} = {46A93DBF-36C3-494B-A993-7EBA5824DBCA}
		{8D6A2DE4-525F-4E91-8AD1-404CBF2C5E60} = {46A93DBF-36C3-494B-A993-7EBA5824DBCA}
		{E53556A8-0AC8-4B42-8FE0-D80B27092515} = {46A93DBF-36C3-494B-A993-7EBA5824DBCA}
		{7059DF60-A11E-47CA-BB09-ED4142D759D9} = {46A93DBF-36C3-494B-A993-7EBA5824DBCA}
		{96575B90-E550-4719-AABB-86723284DBDC} = {46A93DBF-36C3-494B-A993-7EBA5824DBCA}
		{95A4C4F4-15F4-4FF3-8A93-6CAC4C7D5E36} = {8935D93A-8354-4731-9364-51598C8A4D69}
		{D6618827-02F7-4F06-9091-98756D7A701A} = {8935D93A-8354-4731-9364-51598C8A4D69}
		{8EEB205D-B509-4D2F-91A3-F989E310F6A3} = {8935D93A-8354-4731-9364-51598C8A4D69}
		{7A9CD393-5070-4E94-9042-306434211030} = {8935D93A-8354-4731-9364-51598C8A4D69}
		{CE19B699-5C3F-448F-AF7E-FC6F0159F72D} = {8935D93A-8354-4731-9364-51598C8A4D69}
		{749D768B-7CCF-47FB-A9AE-F58899FFC2A8} = {8935D93A-8354-4731-9364-51598C8A4D69}
		{73F035D8-76B3-4D11-AF7A-C39B89686C27} = {539EB501-259B-42A4-A1BE-B11796EF0035}
		{34D4BCE8-B036-47E7-B7D7-D4F6D29887D0} = {73F035D8-76B3-4D11-AF7A-C39B89686C27}
	EndGlobalSection
	GlobalSection(ExtensibilityGlobals) = postSolution
		SolutionGuid = {2838815C-369F-47A2-A247-B2E04E393C19}
	EndGlobalSection
EndGlobal
